
Microsoft Visual Studio Solution File, Format Version 12.00
# Visual Studio 15
VisualStudioVersion = 15.0.28307.168
MinimumVisualStudioVersion = 10.0.40219.1
Project("{FAE04EC0-301F-11D3-BF4B-00C04F79EFBC}") = "TestQS", "TestQS\TestQS.csproj", "{6CFE31FA-E7BE-4551-B218-A32CFDEB16AF}"
EndProject
Global
	GlobalSection(SolutionConfigurationPlatforms) = preSolution
		Debug|Any CPU = Debug|Any CPU
		Release|Any CPU = Release|Any CPU
	EndGlobalSection
	GlobalSection(ProjectConfigurationPlatforms) = postSolution
		{6CFE31FA-E7BE-4551-B218-A32CFDEB16AF}.Debug|Any CPU.ActiveCfg = Debug|Any CPU
		{6CFE31FA-E7BE-4551-B218-A32CFDEB16AF}.Debug|Any CPU.Build.0 = Debug|Any CPU
		{6CFE31FA-E7BE-4551-B218-A32CFDEB16AF}.Release|Any CPU.ActiveCfg = Release|Any CPU
		{6CFE31FA-E7BE-4551-B218-A32CFDEB16AF}.Release|Any CPU.Build.0 = Release|Any CPU
	EndGlobalSection
	GlobalSection(SolutionProperties) = preSolution
		HideSolutionNode = FALSE
	EndGlobalSection
	GlobalSection(ExtensibilityGlobals) = postSolution
		SolutionGuid = {1CF13982-C42D-4E5F-AFC0-51D5DFCC666D}
	EndGlobalSection
EndGlobal
